
Microsoft Visual Studio Solution File, Format Version 12.00
# Visual Studio Version 17
VisualStudioVersion = 17.5.002.0
MinimumVisualStudioVersion = 10.0.40219.1
Project("{9A19103F-16F7-4668-BE54-9A1E7A4F7556}") = "aromas-verão", "aromas-verão.csproj", "{961427E6-AB79-4593-9CC0-A072E4C0055E}"
EndProject
Global
	GlobalSection(SolutionConfigurationPlatforms) = preSolution
		Debug|Any CPU = Debug|Any CPU
		Release|Any CPU = Release|Any CPU
	EndGlobalSection
	GlobalSection(ProjectConfigurationPlatforms) = postSolution
		{961427E6-AB79-4593-9CC0-A072E4C0055E}.Debug|Any CPU.ActiveCfg = Debug|Any CPU
		{961427E6-AB79-4593-9CC0-A072E4C0055E}.Debug|Any CPU.Build.0 = Debug|Any CPU
		{961427E6-AB79-4593-9CC0-A072E4C0055E}.Release|Any CPU.ActiveCfg = Release|Any CPU
		{961427E6-AB79-4593-9CC0-A072E4C0055E}.Release|Any CPU.Build.0 = Release|Any CPU
	EndGlobalSection
	GlobalSection(SolutionProperties) = preSolution
		HideSolutionNode = FALSE
	EndGlobalSection
	GlobalSection(ExtensibilityGlobals) = postSolution
		SolutionGuid = {810004C4-71D1-4434-9BC7-97CFD4CDAB65}
	EndGlobalSection
EndGlobal
